
Microsoft Visual Studio Solution File, Format Version 12.00
Project("{FAE04EC0-301F-11D3-BF4B-00C04F79EFBC}") = "CarFactory", "CarFactory\CarFactory.csproj", "{86736915-25F6-443F-94B4-EC2EE5FFA10C}"
EndProject
Project("{FAE04EC0-301F-11D3-BF4B-00C04F79EFBC}") = "CarFactory.Test", "CarFactory.Test\CarFactory.Test.csproj", "{01BEE259-1EB5-4C36-BC67-4918F7F22338}"
EndProject
Global
	GlobalSection(SolutionConfigurationPlatforms) = preSolution
		Debug|Any CPU = Debug|Any CPU
		Release|Any CPU = Release|Any CPU
	EndGlobalSection
	GlobalSection(ProjectConfigurationPlatforms) = postSolution
		{86736915-25F6-443F-94B4-EC2EE5FFA10C}.Debug|Any CPU.ActiveCfg = Debug|Any CPU
		{86736915-25F6-443F-94B4-EC2EE5FFA10C}.Debug|Any CPU.Build.0 = Debug|Any CPU
		{86736915-25F6-443F-94B4-EC2EE5FFA10C}.Release|Any CPU.ActiveCfg = Release|Any CPU
		{86736915-25F6-443F-94B4-EC2EE5FFA10C}.Release|Any CPU.Build.0 = Release|Any CPU
		{01BEE259-1EB5-4C36-BC67-4918F7F22338}.Debug|Any CPU.ActiveCfg = Debug|Any CPU
		{01BEE259-1EB5-4C36-BC67-4918F7F22338}.Debug|Any CPU.Build.0 = Debug|Any CPU
		{01BEE259-1EB5-4C36-BC67-4918F7F22338}.Release|Any CPU.ActiveCfg = Release|Any CPU
		{01BEE259-1EB5-4C36-BC67-4918F7F22338}.Release|Any CPU.Build.0 = Release|Any CPU
	EndGlobalSection
EndGlobal
